
Microsoft Visual Studio Solution File, Format Version 12.00
# Visual Studio Version 17
VisualStudioVersion = 17.13.35919.96 d17.13
MinimumVisualStudioVersion = 10.0.40219.1
Project("{8BC9CEB8-8B4A-11D0-8D11-00A0C91BC942}") = "adam-kernel-ioctl", "adam-kernel-ioctl\adam-kernel-ioctl.vcxproj", "{E65E85D5-C32E-F1D0-ED9A-19CD5E47A480}"
EndProject
Project("{8BC9CEB8-8B4A-11D0-8D11-00A0C91BC942}") = "adam-usermode-ioctl", "adam-usermode-ioctl\adam-usermode-ioctl.vcxproj", "{0A2598DC-C659-41EE-ACE1-B91A69A1F309}"
EndProject
Global
	GlobalSection(SolutionConfigurationPlatforms) = preSolution
		Debug|ARM64 = Debug|ARM64
		Debug|x64 = Debug|x64
		Release|ARM64 = Release|ARM64
		Release|x64 = Release|x64
	EndGlobalSection
	GlobalSection(ProjectConfigurationPlatforms) = postSolution
		{E65E85D5-C32E-F1D0-ED9A-19CD5E47A480}.Debug|ARM64.ActiveCfg = Debug|ARM64
		{E65E85D5-C32E-F1D0-ED9A-19CD5E47A480}.Debug|ARM64.Build.0 = Debug|ARM64
		{E65E85D5-C32E-F1D0-ED9A-19CD5E47A480}.Debug|ARM64.Deploy.0 = Debug|ARM64
		{E65E85D5-C32E-F1D0-ED9A-19CD5E47A480}.Debug|x64.ActiveCfg = Debug|x64
		{E65E85D5-C32E-F1D0-ED9A-19CD5E47A480}.Debug|x64.Build.0 = Debug|x64
		{E65E85D5-C32E-F1D0-ED9A-19CD5E47A480}.Debug|x64.Deploy.0 = Debug|x64
		{E65E85D5-C32E-F1D0-ED9A-19CD5E47A480}.Release|ARM64.ActiveCfg = Release|ARM64
		{E65E85D5-C32E-F1D0-ED9A-19CD5E47A480}.Release|ARM64.Build.0 = Release|ARM64
		{E65E85D5-C32E-F1D0-ED9A-19CD5E47A480}.Release|ARM64.Deploy.0 = Release|ARM64
		{E65E85D5-C32E-F1D0-ED9A-19CD5E47A480}.Release|x64.ActiveCfg = Release|x64
		{E65E85D5-C32E-F1D0-ED9A-19CD5E47A480}.Release|x64.Build.0 = Release|x64
		{E65E85D5-C32E-F1D0-ED9A-19CD5E47A480}.Release|x64.Deploy.0 = Release|x64
		{0A2598DC-C659-41EE-ACE1-B91A69A1F309}.Debug|ARM64.ActiveCfg = Debug|x64
		{0A2598DC-C659-41EE-ACE1-B91A69A1F309}.Debug|ARM64.Build.0 = Debug|x64
		{0A2598DC-C659-41EE-ACE1-B91A69A1F309}.Debug|x64.ActiveCfg = Debug|x64
		{0A2598DC-C659-41EE-ACE1-B91A69A1F309}.Debug|x64.Build.0 = Debug|x64
		{0A2598DC-C659-41EE-ACE1-B91A69A1F309}.Release|ARM64.ActiveCfg = Release|x64
		{0A2598DC-C659-41EE-ACE1-B91A69A1F309}.Release|ARM64.Build.0 = Release|x64
		{0A2598DC-C659-41EE-ACE1-B91A69A1F309}.Release|x64.ActiveCfg = Release|x64
		{0A2598DC-C659-41EE-ACE1-B91A69A1F309}.Release|x64.Build.0 = Release|x64
	EndGlobalSection
	GlobalSection(SolutionProperties) = preSolution
		HideSolutionNode = FALSE
	EndGlobalSection
	GlobalSection(ExtensibilityGlobals) = postSolution
		SolutionGuid = {AB92CE6E-2A05-40D8-BA92-4A71EA141B1A}
	EndGlobalSection
EndGlobal
